
Microsoft Visual Studio Solution File, Format Version 12.00
# Visual Studio Version 17
VisualStudioVersion = 17.14.36408.4
MinimumVisualStudioVersion = 10.0.40219.1
Project("{FAE04EC0-301F-11D3-BF4B-00C04F79EFBC}") = "Program", "Program.csproj", "{9BAAD76B-E612-44EB-89FD-74EA606FE923}"
EndProject
Project("{FAE04EC0-301F-11D3-BF4B-00C04F79EFBC}") = "Grammar", "..\Grammer\Grammar.csproj", "{9DD70BB7-06CF-4373-813C-215DCF98C576}"
EndProject
Global
	GlobalSection(SolutionConfigurationPlatforms) = preSolution
		Debug|Any CPU = Debug|Any CPU
		Release|Any CPU = Release|Any CPU
	EndGlobalSection
	GlobalSection(ProjectConfigurationPlatforms) = postSolution
		{9BAAD76B-E612-44EB-89FD-74EA606FE923}.Debug|Any CPU.ActiveCfg = Debug|Any CPU
		{9BAAD76B-E612-44EB-89FD-74EA606FE923}.Debug|Any CPU.Build.0 = Debug|Any CPU
		{9BAAD76B-E612-44EB-89FD-74EA606FE923}.Release|Any CPU.ActiveCfg = Release|Any CPU
		{9BAAD76B-E612-44EB-89FD-74EA606FE923}.Release|Any CPU.Build.0 = Release|Any CPU
		{9DD70BB7-06CF-4373-813C-215DCF98C576}.Debug|Any CPU.ActiveCfg = Debug|Any CPU
		{9DD70BB7-06CF-4373-813C-215DCF98C576}.Debug|Any CPU.Build.0 = Debug|Any CPU
		{9DD70BB7-06CF-4373-813C-215DCF98C576}.Release|Any CPU.ActiveCfg = Release|Any CPU
		{9DD70BB7-06CF-4373-813C-215DCF98C576}.Release|Any CPU.Build.0 = Release|Any CPU
	EndGlobalSection
	GlobalSection(SolutionProperties) = preSolution
		HideSolutionNode = FALSE
	EndGlobalSection
	GlobalSection(ExtensibilityGlobals) = postSolution
		SolutionGuid = {00FA4A01-BD16-47C5-AA81-156EEC5581A1}
	EndGlobalSection
EndGlobal
